
Microsoft Visual Studio Solution File, Format Version 12.00
# Visual Studio Version 17
VisualStudioVersion = 17.9.34607.119
MinimumVisualStudioVersion = 10.0.40219.1
Project("{9A19103F-16F7-4668-BE54-9A1E7A4F7556}") = "Problema_A", "Problema_A\Problema_A.csproj", "{569F29D3-C7CA-46AC-ACD4-A7BD93BBB40C}"
EndProject
Project("{9A19103F-16F7-4668-BE54-9A1E7A4F7556}") = "Problema_B", "Problema_B\Problema_B.csproj", "{F0810F78-1CD1-4DFB-BD48-70D7A1CF4885}"
EndProject
Project("{9A19103F-16F7-4668-BE54-9A1E7A4F7556}") = "Problema_C", "Problema_C\Problema_C.csproj", "{837312B7-8E74-48C7-B080-9819B804F159}"
EndProject
Project("{9A19103F-16F7-4668-BE54-9A1E7A4F7556}") = "Problema_D", "Problema_D\Problema_D.csproj", "{8296364A-DD61-4167-B8F5-9DCF86479592}"
EndProject
Project("{9A19103F-16F7-4668-BE54-9A1E7A4F7556}") = "Problema_E", "Problema_E\Problema_E.csproj", "{B79FF283-527D-4756-AD45-23639DC0443F}"
EndProject
Project("{FAE04EC0-301F-11D3-BF4B-00C04F79EFBC}") = "Linked_API", "Linked_API\Linked_API.csproj", "{62E6B6C3-90C0-41B7-A13D-66A4E1BA81D4}"
EndProject
Global
	GlobalSection(SolutionConfigurationPlatforms) = preSolution
		Debug|Any CPU = Debug|Any CPU
		Release|Any CPU = Release|Any CPU
	EndGlobalSection
	GlobalSection(ProjectConfigurationPlatforms) = postSolution
		{569F29D3-C7CA-46AC-ACD4-A7BD93BBB40C}.Debug|Any CPU.ActiveCfg = Debug|Any CPU
		{569F29D3-C7CA-46AC-ACD4-A7BD93BBB40C}.Debug|Any CPU.Build.0 = Debug|Any CPU
		{569F29D3-C7CA-46AC-ACD4-A7BD93BBB40C}.Release|Any CPU.ActiveCfg = Release|Any CPU
		{569F29D3-C7CA-46AC-ACD4-A7BD93BBB40C}.Release|Any CPU.Build.0 = Release|Any CPU
		{F0810F78-1CD1-4DFB-BD48-70D7A1CF4885}.Debug|Any CPU.ActiveCfg = Debug|Any CPU
		{F0810F78-1CD1-4DFB-BD48-70D7A1CF4885}.Debug|Any CPU.Build.0 = Debug|Any CPU
		{F0810F78-1CD1-4DFB-BD48-70D7A1CF4885}.Release|Any CPU.ActiveCfg = Release|Any CPU
		{F0810F78-1CD1-4DFB-BD48-70D7A1CF4885}.Release|Any CPU.Build.0 = Release|Any CPU
		{837312B7-8E74-48C7-B080-9819B804F159}.Debug|Any CPU.ActiveCfg = Debug|Any CPU
		{837312B7-8E74-48C7-B080-9819B804F159}.Debug|Any CPU.Build.0 = Debug|Any CPU
		{837312B7-8E74-48C7-B080-9819B804F159}.Release|Any CPU.ActiveCfg = Release|Any CPU
		{837312B7-8E74-48C7-B080-9819B804F159}.Release|Any CPU.Build.0 = Release|Any CPU
		{8296364A-DD61-4167-B8F5-9DCF86479592}.Debug|Any CPU.ActiveCfg = Debug|Any CPU
		{8296364A-DD61-4167-B8F5-9DCF86479592}.Debug|Any CPU.Build.0 = Debug|Any CPU
		{8296364A-DD61-4167-B8F5-9DCF86479592}.Release|Any CPU.ActiveCfg = Release|Any CPU
		{8296364A-DD61-4167-B8F5-9DCF86479592}.Release|Any CPU.Build.0 = Release|Any CPU
		{B79FF283-527D-4756-AD45-23639DC0443F}.Debug|Any CPU.ActiveCfg = Debug|Any CPU
		{B79FF283-527D-4756-AD45-23639DC0443F}.Debug|Any CPU.Build.0 = Debug|Any CPU
		{B79FF283-527D-4756-AD45-23639DC0443F}.Release|Any CPU.ActiveCfg = Release|Any CPU
		{B79FF283-527D-4756-AD45-23639DC0443F}.Release|Any CPU.Build.0 = Release|Any CPU
		{62E6B6C3-90C0-41B7-A13D-66A4E1BA81D4}.Debug|Any CPU.ActiveCfg = Debug|Any CPU
		{62E6B6C3-90C0-41B7-A13D-66A4E1BA81D4}.Debug|Any CPU.Build.0 = Debug|Any CPU
		{62E6B6C3-90C0-41B7-A13D-66A4E1BA81D4}.Release|Any CPU.ActiveCfg = Release|Any CPU
		{62E6B6C3-90C0-41B7-A13D-66A4E1BA81D4}.Release|Any CPU.Build.0 = Release|Any CPU
	EndGlobalSection
	GlobalSection(SolutionProperties) = preSolution
		HideSolutionNode = FALSE
	EndGlobalSection
	GlobalSection(ExtensibilityGlobals) = postSolution
		SolutionGuid = {8334DFFB-F1C5-4A6D-BE4E-54CDC4433EB2}
	EndGlobalSection
EndGlobal
